# This file is generated by running "yarn install" inside your project.
# Manual changes might be lost - proceed with caution!

__metadata:
  version: 8
  cacheKey: 10c0

"@polka/url@npm:^1.0.0-next.24":
  version: 1.0.0-next.29
  resolution: "@polka/url@npm:1.0.0-next.29"
  checksum: 10c0/0d58e081844095cb029d3c19a659bfefd09d5d51a2f791bc61eba7ea826f13d6ee204a8a448c2f5a855c17df07b37517373ff916dd05801063c0568ae9937684
  languageName: node
  linkType: hard

"@tinyhttp/accepts@npm:2.2.3":
  version: 2.2.3
  resolution: "@tinyhttp/accepts@npm:2.2.3"
  dependencies:
    mime: "npm:4.0.4"
    negotiator: "npm:^0.6.3"
  checksum: 10c0/19e43a652f541953ba429232dd223d27f06d1866fba5e81b49ce6e13c118233286aec28bb202c4272c73fe0700228d1fa12938b125e7f523f5a74214e53c80cc
  languageName: node
  linkType: hard

"@tinyhttp/app@npm:^2.4.0":
  version: 2.5.2
  resolution: "@tinyhttp/app@npm:2.5.2"
  dependencies:
    "@tinyhttp/cookie": "npm:2.1.1"
    "@tinyhttp/proxy-addr": "npm:2.2.1"
    "@tinyhttp/req": "npm:2.2.5"
    "@tinyhttp/res": "npm:2.2.5"
    "@tinyhttp/router": "npm:2.2.3"
    header-range-parser: "npm:1.1.3"
    regexparam: "npm:^2.0.2"
  checksum: 10c0/18068b4debcb4417f1e0cc1881aac6bcd604b21ca9d5a76df2a4bc9abef95865c2d637f9093a1131b1299aeed4f4952bea029c506dce20c7dfe18b89a7a6b16b
  languageName: node
  linkType: hard

"@tinyhttp/content-disposition@npm:2.2.2":
  version: 2.2.2
  resolution: "@tinyhttp/content-disposition@npm:2.2.2"
  checksum: 10c0/4330c898823bc23ca55951752f5175f4588fea6907b82025950613cf031ec491556a7a7f87130e5a2d9e909ef05738529ecb45b9449643f6779efa745d0758a0
  languageName: node
  linkType: hard

"@tinyhttp/content-type@npm:^0.1.4":
  version: 0.1.4
  resolution: "@tinyhttp/content-type@npm:0.1.4"
  checksum: 10c0/6dac21b22e8492ef24a4317318a67f705c2dc63b604fc3ef98910808d651ed947e3dc366167e6ab9b44d0e602e9fea8da4134277ebedbec37618b2f60cb84877
  languageName: node
  linkType: hard

"@tinyhttp/cookie-signature@npm:2.1.1":
  version: 2.1.1
  resolution: "@tinyhttp/cookie-signature@npm:2.1.1"
  checksum: 10c0/de125cce47c27fd3d870027c48b255b2ac3eef4051fafb94bf996603bdc43b1570e5ebdeacbe3b1526185b3821c05d8523ae0a4d5e9900db24993aadf1012f54
  languageName: node
  linkType: hard

"@tinyhttp/cookie@npm:2.1.1":
  version: 2.1.1
  resolution: "@tinyhttp/cookie@npm:2.1.1"
  checksum: 10c0/df8e65f10ba5052f8b732d3b32ece19c39bb948c41471a9345cd49b4b2e22396622729d7549ab9da018f400fd6f89f0130b8926871d21474cdc8102e3388f6ff
  languageName: node
  linkType: hard

"@tinyhttp/cors@npm:^2.0.1":
  version: 2.0.1
  resolution: "@tinyhttp/cors@npm:2.0.1"
  dependencies:
    "@tinyhttp/vary": "npm:^0.1.3"
  checksum: 10c0/ae50a3a35cad8631bc1bbbae75b6fb97ca53e44c3bf83de918ca196655591e3c672ed1373d650bd3d64db49c79eca4127fe6f2ea6874a52616bd389942ccc8bb
  languageName: node
  linkType: hard

"@tinyhttp/encode-url@npm:2.1.1":
  version: 2.1.1
  resolution: "@tinyhttp/encode-url@npm:2.1.1"
  checksum: 10c0/858c1806ba31ef79e3c61099b5a88f3123cb0ce0fdeccb52d69adce9094a4f6d5d5d774e2b5a7d5162a3fa0d1cc306f468bf23179357c835a89ab56551b25564
  languageName: node
  linkType: hard

"@tinyhttp/etag@npm:2.1.2":
  version: 2.1.2
  resolution: "@tinyhttp/etag@npm:2.1.2"
  checksum: 10c0/862708c698705ea053e5c1ab3cb6610c7ddd49583c14965a80ffbf2dbda0e075ab0953d8bfddaed941c491c55fcbf0a2f52c78243be6778a4e47f9d24d1098c6
  languageName: node
  linkType: hard

"@tinyhttp/forwarded@npm:2.1.2":
  version: 2.1.2
  resolution: "@tinyhttp/forwarded@npm:2.1.2"
  checksum: 10c0/f6342419da8f8dc76d7539b22948cf9e22b9f7d095b178ecb8d96ab3eea008ba693c6630aa1623b4d1f013f8d2656db3889a73903de718bdc4ded939499aa4de
  languageName: node
  linkType: hard

"@tinyhttp/logger@npm:^2.0.0":
  version: 2.1.0
  resolution: "@tinyhttp/logger@npm:2.1.0"
  dependencies:
    colorette: "npm:^2.0.20"
    dayjs: "npm:^1.11.13"
    http-status-emojis: "npm:^2.2.0"
  checksum: 10c0/0018b0ee146fcb4b51b0a91b64f0c61efb82238b8323ff8b1f50298e8087ae74b4503630ef7d1e41df8cad067382c51d030224f72ed5014b23787cdc0477d808
  languageName: node
  linkType: hard

"@tinyhttp/proxy-addr@npm:2.2.1":
  version: 2.2.1
  resolution: "@tinyhttp/proxy-addr@npm:2.2.1"
  dependencies:
    "@tinyhttp/forwarded": "npm:2.1.2"
    ipaddr.js: "npm:^2.2.0"
  checksum: 10c0/360231669085ed1bd7c54ec367a2c818a49646e8d9f73fff305f1600dc2c1132841da8557d74b96933d4abcae5a46327b3915084535b0c4f18d20c68f9d6bd25
  languageName: node
  linkType: hard

"@tinyhttp/req@npm:2.2.5":
  version: 2.2.5
  resolution: "@tinyhttp/req@npm:2.2.5"
  dependencies:
    "@tinyhttp/accepts": "npm:2.2.3"
    "@tinyhttp/type-is": "npm:2.2.4"
    "@tinyhttp/url": "npm:2.1.1"
    header-range-parser: "npm:^1.1.3"
  checksum: 10c0/8c3935f73d1c36b8a3745001015b69db27226b836e46d629dad970cc01b564974f6ed508975d1375c93a3b4bc11f0e40c94cdbf55f3d282dcfbbbc258b482f32
  languageName: node
  linkType: hard

"@tinyhttp/res@npm:2.2.5":
  version: 2.2.5
  resolution: "@tinyhttp/res@npm:2.2.5"
  dependencies:
    "@tinyhttp/content-disposition": "npm:2.2.2"
    "@tinyhttp/cookie": "npm:2.1.1"
    "@tinyhttp/cookie-signature": "npm:2.1.1"
    "@tinyhttp/encode-url": "npm:2.1.1"
    "@tinyhttp/req": "npm:2.2.5"
    "@tinyhttp/send": "npm:2.2.3"
    "@tinyhttp/vary": "npm:^0.1.3"
    es-escape-html: "npm:^0.1.1"
    mime: "npm:4.0.4"
  checksum: 10c0/63eed4fa5f61b7209f390486cb1ae75f2fc70821d90a9946d85eb704421a9d5536d1e6c57db8c5864233529fe3b22205f3eac729499e09817394bcea54bbaf50
  languageName: node
  linkType: hard

"@tinyhttp/router@npm:2.2.3":
  version: 2.2.3
  resolution: "@tinyhttp/router@npm:2.2.3"
  checksum: 10c0/26585a4de93710d7df901fb75bbdc088529340d34bef7b45e0cd4da2dd746b15c9e71611c4af90e9c8d0b75039001a72b395faff42fe5f68d38a1eebcef56b8e
  languageName: node
  linkType: hard

"@tinyhttp/send@npm:2.2.3":
  version: 2.2.3
  resolution: "@tinyhttp/send@npm:2.2.3"
  dependencies:
    "@tinyhttp/content-type": "npm:^0.1.4"
    "@tinyhttp/etag": "npm:2.1.2"
    mime: "npm:4.0.4"
  checksum: 10c0/4594e5273de3366297b430fc0731ca4f5dd2f7610ffb8e341be2642cde2c947b4b1dd5f849fea324b4637572361babe2e86a74c034d769d74cb7828798c20392
  languageName: node
  linkType: hard

"@tinyhttp/type-is@npm:2.2.4":
  version: 2.2.4
  resolution: "@tinyhttp/type-is@npm:2.2.4"
  dependencies:
    "@tinyhttp/content-type": "npm:^0.1.4"
    mime: "npm:4.0.4"
  checksum: 10c0/1412bea0b4617bee8eb83dc5140d28b169178f1994e510586c1b2678316613511e06682172515c98ca702f81803b7de83ce10e23a312085cb63064d9b86ffa94
  languageName: node
  linkType: hard

"@tinyhttp/url@npm:2.1.1":
  version: 2.1.1
  resolution: "@tinyhttp/url@npm:2.1.1"
  checksum: 10c0/d7d4e5ec863bf4ce573be0fdcb42f45d25e45773419d06bc67b9f4a05fce880ac085a6e721e5ba06572139d747113e531768fdac0a33809a07714569f2d8a474
  languageName: node
  linkType: hard

"@tinyhttp/vary@npm:^0.1.3":
  version: 0.1.3
  resolution: "@tinyhttp/vary@npm:0.1.3"
  checksum: 10c0/33f98780015e6556608c289b9f124877ac4079ef4181187938d2e690cfecf84f7dbac6eb709a31d34daa7ef0efb99ffd36be28c8278e58e0617fc9ebe39fcde7
  languageName: node
  linkType: hard

"chalk@npm:^5.3.0":
  version: 5.4.1
  resolution: "chalk@npm:5.4.1"
  checksum: 10c0/b23e88132c702f4855ca6d25cb5538b1114343e41472d5263ee8a37cccfccd9c4216d111e1097c6a27830407a1dc81fecdf2a56f2c63033d4dbbd88c10b0dcef
  languageName: node
  linkType: hard

"chokidar@npm:^4.0.1":
  version: 4.0.3
  resolution: "chokidar@npm:4.0.3"
  dependencies:
    readdirp: "npm:^4.0.1"
  checksum: 10c0/a58b9df05bb452f7d105d9e7229ac82fa873741c0c40ddcc7bb82f8a909fbe3f7814c9ebe9bc9a2bef9b737c0ec6e2d699d179048ef06ad3ec46315df0ebe6ad
  languageName: node
  linkType: hard

"colorette@npm:^2.0.20":
  version: 2.0.20
  resolution: "colorette@npm:2.0.20"
  checksum: 10c0/e94116ff33b0ff56f3b83b9ace895e5bf87c2a7a47b3401b8c3f3226e050d5ef76cf4072fb3325f9dc24d1698f9b730baf4e05eeaf861d74a1883073f4c98a40
  languageName: node
  linkType: hard

"dayjs@npm:^1.11.13":
  version: 1.11.13
  resolution: "dayjs@npm:1.11.13"
  checksum: 10c0/a3caf6ac8363c7dade9d1ee797848ddcf25c1ace68d9fe8678ecf8ba0675825430de5d793672ec87b24a69bf04a1544b176547b2539982275d5542a7955f35b7
  languageName: node
  linkType: hard

"dot-prop@npm:^9.0.0":
  version: 9.0.0
  resolution: "dot-prop@npm:9.0.0"
  dependencies:
    type-fest: "npm:^4.18.2"
  checksum: 10c0/4bac49a2f559156811862ac92813906f70529c50da918eaab81b38dd869743c667d578e183607f5ae11e8ae2a02e43e98e32c8a37bc4cae76b04d5b576e3112f
  languageName: node
  linkType: hard

"es-escape-html@npm:^0.1.1":
  version: 0.1.1
  resolution: "es-escape-html@npm:0.1.1"
  checksum: 10c0/408afe94ccf158862a04a0cbf22dc6c53d8408ba716e4d5dc19c14ec9e83f093d43d822eee5e56c7afac36cf5a7302a108b8544aaeb68be97e6edc8dcfce9a1a
  languageName: node
  linkType: hard

"eta@npm:^3.5.0":
  version: 3.5.0
  resolution: "eta@npm:3.5.0"
  checksum: 10c0/28ffc23658e3d77c1ab2660d0158b979688457659fc190d0edca26c186ab34039bec9d6745d975e5f0543981e285cd757bff85b47ea2374ab11444e2b7271dd0
  languageName: node
  linkType: hard

"header-range-parser@npm:1.1.3, header-range-parser@npm:^1.1.3":
  version: 1.1.3
  resolution: "header-range-parser@npm:1.1.3"
  checksum: 10c0/45b3749d789c07fb703ce7281ae0a0f81bf6e842dea0e764d0f8f3e162bd3845c68dd8a0b1610a6400eeed2e2c717483b13af3b363d51d1c77cd73f53ee921a3
  languageName: node
  linkType: hard

"http-status-emojis@npm:^2.2.0":
  version: 2.2.0
  resolution: "http-status-emojis@npm:2.2.0"
  checksum: 10c0/bb4c72f9348da9f1da4e603b58b089e0aceeeac2be83fba2886df30632389e7f14eb71bcb5e77d7c658761ae742a59f813cbf0f2dc5b9d35646f06e5203596f1
  languageName: node
  linkType: hard

"inflection@npm:^3.0.0":
  version: 3.0.2
  resolution: "inflection@npm:3.0.2"
  checksum: 10c0/ac6b635f029b27834313ce30188d74607fe9751c729bf91698675b2fd82489e0195e884d8a9455676064a74b2db77b407d35b56ada0978d0e8194e72202bf7af
  languageName: node
  linkType: hard

"ipaddr.js@npm:^2.2.0":
  version: 2.2.0
  resolution: "ipaddr.js@npm:2.2.0"
  checksum: 10c0/e4ee875dc1bd92ac9d27e06cfd87cdb63ca786ff9fd7718f1d4f7a8ef27db6e5d516128f52d2c560408cbb75796ac2f83ead669e73507c86282d45f84c5abbb6
  languageName: node
  linkType: hard

"json-server@npm:^1.0.0-beta.3":
  version: 1.0.0-beta.3
  resolution: "json-server@npm:1.0.0-beta.3"
  dependencies:
    "@tinyhttp/app": "npm:^2.4.0"
    "@tinyhttp/cors": "npm:^2.0.1"
    "@tinyhttp/logger": "npm:^2.0.0"
    chalk: "npm:^5.3.0"
    chokidar: "npm:^4.0.1"
    dot-prop: "npm:^9.0.0"
    eta: "npm:^3.5.0"
    inflection: "npm:^3.0.0"
    json5: "npm:^2.2.3"
    lowdb: "npm:^7.0.1"
    milliparsec: "npm:^4.0.0"
    sirv: "npm:^2.0.4"
    sort-on: "npm:^6.1.0"
  bin:
    json-server: lib/bin.js
  checksum: 10c0/8c683ff2626f5a0f884fbb56c447d295d5db825ffae899a015ddf8f37c5c9055b196d7459df174bce6f729ef23c4d0caec956aa6cb2e0a0fe5f6c27f92af052b
  languageName: node
  linkType: hard

"json5@npm:^2.2.3":
  version: 2.2.3
  resolution: "json5@npm:2.2.3"
  bin:
    json5: lib/cli.js
  checksum: 10c0/5a04eed94810fa55c5ea138b2f7a5c12b97c3750bc63d11e511dcecbfef758003861522a070c2272764ee0f4e3e323862f386945aeb5b85b87ee43f084ba586c
  languageName: node
  linkType: hard

"lowdb@npm:^7.0.1":
  version: 7.0.1
  resolution: "lowdb@npm:7.0.1"
  dependencies:
    steno: "npm:^4.0.2"
  checksum: 10c0/d61f554d6a507419772b07c91982bb72a0d3976dddef83e1d58fb24ff9049398962ec2c1917b3a863aedb46559081e0cd208d032ff3c43b1d59f41be9f4f4022
  languageName: node
  linkType: hard

"milliparsec@npm:^4.0.0":
  version: 4.0.0
  resolution: "milliparsec@npm:4.0.0"
  checksum: 10c0/2c1409ec95d8586ddddbacb1dfff2a341c70ee151366918883b8d84e7f224bde3ce3f54be068dfb80764beebc7dbb4e8e0193e5ab25397b1a7a242352646a530
  languageName: node
  linkType: hard

"mime@npm:4.0.4":
  version: 4.0.4
  resolution: "mime@npm:4.0.4"
  bin:
    mime: bin/cli.js
  checksum: 10c0/3046e425ed616613af8c7f4b268ff33ab564baeb24a117ef00475cbb23fbae91369ff2d9918cc6408162b0016bde34ea8cc4041b830fc2c45a8ecaf5b7e3e26f
  languageName: node
  linkType: hard

"mrmime@npm:^2.0.0":
  version: 2.0.1
  resolution: "mrmime@npm:2.0.1"
  checksum: 10c0/af05afd95af202fdd620422f976ad67dc18e6ee29beb03dd1ce950ea6ef664de378e44197246df4c7cdd73d47f2e7143a6e26e473084b9e4aa2095c0ad1e1761
  languageName: node
  linkType: hard

"negotiator@npm:^0.6.3":
  version: 0.6.4
  resolution: "negotiator@npm:0.6.4"
  checksum: 10c0/3e677139c7fb7628a6f36335bf11a885a62c21d5390204590a1a214a5631fcbe5ea74ef6a610b60afe84b4d975cbe0566a23f20ee17c77c73e74b80032108dea
  languageName: node
  linkType: hard

"readdirp@npm:^4.0.1":
  version: 4.1.2
  resolution: "readdirp@npm:4.1.2"
  checksum: 10c0/60a14f7619dec48c9c850255cd523e2717001b0e179dc7037cfa0895da7b9e9ab07532d324bfb118d73a710887d1e35f79c495fa91582784493e085d18c72c62
  languageName: node
  linkType: hard

"regexparam@npm:^2.0.2":
  version: 2.0.2
  resolution: "regexparam@npm:2.0.2"
  checksum: 10c0/836b1f56f463dd5220719e9225a4e3059304672e9a441fdfed9882bb390860295890001e9f62325845b4caa9ea848f242debcc9a56173375eb171253619748a3
  languageName: node
  linkType: hard

"root-workspace-0b6124@workspace:.":
  version: 0.0.0-use.local
  resolution: "root-workspace-0b6124@workspace:."
  dependencies:
    json-server: "npm:^1.0.0-beta.3"
  languageName: unknown
  linkType: soft

"sirv@npm:^2.0.4":
  version: 2.0.4
  resolution: "sirv@npm:2.0.4"
  dependencies:
    "@polka/url": "npm:^1.0.0-next.24"
    mrmime: "npm:^2.0.0"
    totalist: "npm:^3.0.0"
  checksum: 10c0/68f8ee857f6a9415e9c07a1f31c7c561df8d5f1b1ba79bee3de583fa37da8718def5309f6b1c6e2c3ef77de45d74f5e49efc7959214443aa92d42e9c99180a4e
  languageName: node
  linkType: hard

"sort-on@npm:^6.1.0":
  version: 6.1.0
  resolution: "sort-on@npm:6.1.0"
  dependencies:
    dot-prop: "npm:^9.0.0"
  checksum: 10c0/73d39199d2616b0f062f4e6debd125f1afd8bb0326cc771d956bfb2da33dfc8e80c92c7360a0dbe6aae0b2c19bdb21a34f628719ec316d9bb26d21a12f5813a5
  languageName: node
  linkType: hard

"steno@npm:^4.0.2":
  version: 4.0.2
  resolution: "steno@npm:4.0.2"
  checksum: 10c0/fda6bb192bb73ce9453586080aae3fc75506e1c10c9285df49849a016bb9378c6146610f27976708437a6c5492619ec09efb9def6d5397624ae0ad70e57ccaf1
  languageName: node
  linkType: hard

"totalist@npm:^3.0.0":
  version: 3.0.1
  resolution: "totalist@npm:3.0.1"
  checksum: 10c0/4bb1fadb69c3edbef91c73ebef9d25b33bbf69afe1e37ce544d5f7d13854cda15e47132f3e0dc4cafe300ddb8578c77c50a65004d8b6e97e77934a69aa924863
  languageName: node
  linkType: hard

"type-fest@npm:^4.18.2":
  version: 4.41.0
  resolution: "type-fest@npm:4.41.0"
  checksum: 10c0/f5ca697797ed5e88d33ac8f1fec21921839871f808dc59345c9cf67345bfb958ce41bd821165dbf3ae591cedec2bf6fe8882098dfdd8dc54320b859711a2c1e4
  languageName: node
  linkType: hard
